
Microsoft Visual Studio Solution File, Format Version 12.00
# Visual Studio Version 16
VisualStudioVersion = 16.0.28803.202
MinimumVisualStudioVersion = 10.0.40219.1
Project("{8BC9CEB8-8B4A-11D0-8D11-00A0C91BC942}") = "d3d12-chapter12-treebillboard", "d3d12-chapter12-treebillboard\d3d12-chapter12-treebillboard.vcxproj", "{BD475C76-52AE-4BBE-8EAE-8FA82D17924D}"
EndProject
Global
	GlobalSection(SolutionConfigurationPlatforms) = preSolution
		Debug|x64 = Debug|x64
		Debug|x86 = Debug|x86
		Release|x64 = Release|x64
		Release|x86 = Release|x86
	EndGlobalSection
	GlobalSection(ProjectConfigurationPlatforms) = postSolution
		{BD475C76-52AE-4BBE-8EAE-8FA82D17924D}.Debug|x64.ActiveCfg = Debug|x64
		{BD475C76-52AE-4BBE-8EAE-8FA82D17924D}.Debug|x64.Build.0 = Debug|x64
		{BD475C76-52AE-4BBE-8EAE-8FA82D17924D}.Debug|x86.ActiveCfg = Debug|Win32
		{BD475C76-52AE-4BBE-8EAE-8FA82D17924D}.Debug|x86.Build.0 = Debug|Win32
		{BD475C76-52AE-4BBE-8EAE-8FA82D17924D}.Release|x64.ActiveCfg = Release|x64
		{BD475C76-52AE-4BBE-8EAE-8FA82D17924D}.Release|x64.Build.0 = Release|x64
		{BD475C76-52AE-4BBE-8EAE-8FA82D17924D}.Release|x86.ActiveCfg = Release|Win32
		{BD475C76-52AE-4BBE-8EAE-8FA82D17924D}.Release|x86.Build.0 = Release|Win32
	EndGlobalSection
	GlobalSection(SolutionProperties) = preSolution
		HideSolutionNode = FALSE
	EndGlobalSection
	GlobalSection(ExtensibilityGlobals) = postSolution
		SolutionGuid = {ADF2AE92-EB3C-4937-B240-D3E6F4B7629B}
	EndGlobalSection
EndGlobal
