
Microsoft Visual Studio Solution File, Format Version 12.00
# Visual Studio Version 16
VisualStudioVersion = 16.0.28803.202
MinimumVisualStudioVersion = 10.0.40219.1
Project("{8BC9CEB8-8B4A-11D0-8D11-00A0C91BC942}") = "d3d12-chapter6-box", "d3d12-chapter6-box\d3d12-chapter6-box.vcxproj", "{AE817545-E537-4C2A-9D79-C8AD22DF3C90}"
EndProject
Global
	GlobalSection(SolutionConfigurationPlatforms) = preSolution
		Debug|x64 = Debug|x64
		Debug|x86 = Debug|x86
		Release|x64 = Release|x64
		Release|x86 = Release|x86
	EndGlobalSection
	GlobalSection(ProjectConfigurationPlatforms) = postSolution
		{AE817545-E537-4C2A-9D79-C8AD22DF3C90}.Debug|x64.ActiveCfg = Debug|x64
		{AE817545-E537-4C2A-9D79-C8AD22DF3C90}.Debug|x64.Build.0 = Debug|x64
		{AE817545-E537-4C2A-9D79-C8AD22DF3C90}.Debug|x86.ActiveCfg = Debug|Win32
		{AE817545-E537-4C2A-9D79-C8AD22DF3C90}.Debug|x86.Build.0 = Debug|Win32
		{AE817545-E537-4C2A-9D79-C8AD22DF3C90}.Release|x64.ActiveCfg = Release|x64
		{AE817545-E537-4C2A-9D79-C8AD22DF3C90}.Release|x64.Build.0 = Release|x64
		{AE817545-E537-4C2A-9D79-C8AD22DF3C90}.Release|x86.ActiveCfg = Release|Win32
		{AE817545-E537-4C2A-9D79-C8AD22DF3C90}.Release|x86.Build.0 = Release|Win32
	EndGlobalSection
	GlobalSection(SolutionProperties) = preSolution
		HideSolutionNode = FALSE
	EndGlobalSection
	GlobalSection(ExtensibilityGlobals) = postSolution
		SolutionGuid = {7F34C823-E70B-4A5A-A906-644A0C2FD4C0}
	EndGlobalSection
EndGlobal
