
Microsoft Visual Studio Solution File, Format Version 12.00
# Visual Studio Version 16
VisualStudioVersion = 16.0.28803.202
MinimumVisualStudioVersion = 10.0.40219.1
Project("{8BC9CEB8-8B4A-11D0-8D11-00A0C91BC942}") = "d3d12-chapter9-texwaves", "d3d12-chapter9-texwaves\d3d12-chapter9-texwaves.vcxproj", "{D4A2C369-093F-4D45-9AC2-94CEF3E3FBA8}"
EndProject
Global
	GlobalSection(SolutionConfigurationPlatforms) = preSolution
		Debug|x64 = Debug|x64
		Debug|x86 = Debug|x86
		Release|x64 = Release|x64
		Release|x86 = Release|x86
	EndGlobalSection
	GlobalSection(ProjectConfigurationPlatforms) = postSolution
		{D4A2C369-093F-4D45-9AC2-94CEF3E3FBA8}.Debug|x64.ActiveCfg = Debug|x64
		{D4A2C369-093F-4D45-9AC2-94CEF3E3FBA8}.Debug|x64.Build.0 = Debug|x64
		{D4A2C369-093F-4D45-9AC2-94CEF3E3FBA8}.Debug|x86.ActiveCfg = Debug|Win32
		{D4A2C369-093F-4D45-9AC2-94CEF3E3FBA8}.Debug|x86.Build.0 = Debug|Win32
		{D4A2C369-093F-4D45-9AC2-94CEF3E3FBA8}.Release|x64.ActiveCfg = Release|x64
		{D4A2C369-093F-4D45-9AC2-94CEF3E3FBA8}.Release|x64.Build.0 = Release|x64
		{D4A2C369-093F-4D45-9AC2-94CEF3E3FBA8}.Release|x86.ActiveCfg = Release|Win32
		{D4A2C369-093F-4D45-9AC2-94CEF3E3FBA8}.Release|x86.Build.0 = Release|Win32
	EndGlobalSection
	GlobalSection(SolutionProperties) = preSolution
		HideSolutionNode = FALSE
	EndGlobalSection
	GlobalSection(ExtensibilityGlobals) = postSolution
		SolutionGuid = {BA5A6228-321B-4997-8AD1-90BFD83B985A}
	EndGlobalSection
EndGlobal
