
Microsoft Visual Studio Solution File, Format Version 12.00
# Visual Studio Version 16
VisualStudioVersion = 16.0.28803.202
MinimumVisualStudioVersion = 10.0.40219.1
Project("{8BC9CEB8-8B4A-11D0-8D11-00A0C91BC942}") = "d3d12-chapter21-Ssao", "d3d12-chapter21-Ssao\d3d12-chapter21-Ssao.vcxproj", "{AA27CC0B-A622-424B-BB45-AB7F8F78BC00}"
EndProject
Global
	GlobalSection(SolutionConfigurationPlatforms) = preSolution
		Debug|x64 = Debug|x64
		Debug|x86 = Debug|x86
		Release|x64 = Release|x64
		Release|x86 = Release|x86
	EndGlobalSection
	GlobalSection(ProjectConfigurationPlatforms) = postSolution
		{AA27CC0B-A622-424B-BB45-AB7F8F78BC00}.Debug|x64.ActiveCfg = Debug|x64
		{AA27CC0B-A622-424B-BB45-AB7F8F78BC00}.Debug|x64.Build.0 = Debug|x64
		{AA27CC0B-A622-424B-BB45-AB7F8F78BC00}.Debug|x86.ActiveCfg = Debug|Win32
		{AA27CC0B-A622-424B-BB45-AB7F8F78BC00}.Debug|x86.Build.0 = Debug|Win32
		{AA27CC0B-A622-424B-BB45-AB7F8F78BC00}.Release|x64.ActiveCfg = Release|x64
		{AA27CC0B-A622-424B-BB45-AB7F8F78BC00}.Release|x64.Build.0 = Release|x64
		{AA27CC0B-A622-424B-BB45-AB7F8F78BC00}.Release|x86.ActiveCfg = Release|Win32
		{AA27CC0B-A622-424B-BB45-AB7F8F78BC00}.Release|x86.Build.0 = Release|Win32
	EndGlobalSection
	GlobalSection(SolutionProperties) = preSolution
		HideSolutionNode = FALSE
	EndGlobalSection
	GlobalSection(ExtensibilityGlobals) = postSolution
		SolutionGuid = {7B947F12-FA33-4DF9-889D-D19A97B7FA18}
	EndGlobalSection
EndGlobal
